
Microsoft Visual Studio Solution File, Format Version 12.00
# Visual Studio Version 16
VisualStudioVersion = 16.0.30907.101
MinimumVisualStudioVersion = 10.0.40219.1
Project("{FAE04EC0-301F-11D3-BF4B-00C04F79EFBC}") = "TestAppOne", "TestAppOne\TestAppOne.csproj", "{D978858F-34DD-4C78-B0C6-7E0372B68465}"
EndProject
Global
	GlobalSection(SolutionConfigurationPlatforms) = preSolution
		Debug|Any CPU = Debug|Any CPU
		Release|Any CPU = Release|Any CPU
	EndGlobalSection
	GlobalSection(ProjectConfigurationPlatforms) = postSolution
		{D978858F-34DD-4C78-B0C6-7E0372B68465}.Debug|Any CPU.ActiveCfg = Debug|Any CPU
		{D978858F-34DD-4C78-B0C6-7E0372B68465}.Debug|Any CPU.Build.0 = Debug|Any CPU
		{D978858F-34DD-4C78-B0C6-7E0372B68465}.Release|Any CPU.ActiveCfg = Release|Any CPU
		{D978858F-34DD-4C78-B0C6-7E0372B68465}.Release|Any CPU.Build.0 = Release|Any CPU
	EndGlobalSection
	GlobalSection(SolutionProperties) = preSolution
		HideSolutionNode = FALSE
	EndGlobalSection
	GlobalSection(ExtensibilityGlobals) = postSolution
		SolutionGuid = {54CA5148-D0F9-4C43-A473-E950560D1155}
	EndGlobalSection
EndGlobal
